
Microsoft Visual Studio Solution File, Format Version 12.00
# Visual Studio Version 17
VisualStudioVersion = 17.11.35208.52
MinimumVisualStudioVersion = 10.0.40219.1
Project("{FAE04EC0-301F-11D3-BF4B-00C04F79EFBC}") = "ReadMe-Front", "ReadMe-Front\ReadMe-Front.csproj", "{3D1511AD-2E4C-4FEC-AB25-9C08E442938D}"
EndProject
Project("{9A19103F-16F7-4668-BE54-9A1E7A4F7556}") = "ReadMe-Back", "ReadMe-Back\ReadMe-Back.csproj", "{0AE1EC5F-C619-4DD4-AEC1-99CE88A96141}"
EndProject
Global
	GlobalSection(SolutionConfigurationPlatforms) = preSolution
		Debug|Any CPU = Debug|Any CPU
		Release|Any CPU = Release|Any CPU
	EndGlobalSection
	GlobalSection(ProjectConfigurationPlatforms) = postSolution
		{3D1511AD-2E4C-4FEC-AB25-9C08E442938D}.Debug|Any CPU.ActiveCfg = Debug|Any CPU
		{3D1511AD-2E4C-4FEC-AB25-9C08E442938D}.Debug|Any CPU.Build.0 = Debug|Any CPU
		{3D1511AD-2E4C-4FEC-AB25-9C08E442938D}.Release|Any CPU.ActiveCfg = Release|Any CPU
		{3D1511AD-2E4C-4FEC-AB25-9C08E442938D}.Release|Any CPU.Build.0 = Release|Any CPU
		{0AE1EC5F-C619-4DD4-AEC1-99CE88A96141}.Debug|Any CPU.ActiveCfg = Debug|Any CPU
		{0AE1EC5F-C619-4DD4-AEC1-99CE88A96141}.Debug|Any CPU.Build.0 = Debug|Any CPU
		{0AE1EC5F-C619-4DD4-AEC1-99CE88A96141}.Release|Any CPU.ActiveCfg = Release|Any CPU
		{0AE1EC5F-C619-4DD4-AEC1-99CE88A96141}.Release|Any CPU.Build.0 = Release|Any CPU
	EndGlobalSection
	GlobalSection(SolutionProperties) = preSolution
		HideSolutionNode = FALSE
	EndGlobalSection
	GlobalSection(ExtensibilityGlobals) = postSolution
		SolutionGuid = {99A9BD52-C47F-4E20-B5C1-4FC11A159BD8}
	EndGlobalSection
EndGlobal
